
Microsoft Visual Studio Solution File, Format Version 12.00
# Visual Studio Version 16
VisualStudioVersion = 16.0.31702.278
MinimumVisualStudioVersion = 10.0.40219.1
Project("{FAE04EC0-301F-11D3-BF4B-00C04F79EFBC}") = "Banking", "Banking\Banking.csproj", "{3D7E3C1D-CB5E-4BB6-A20A-811FCA3C3D1B}"
EndProject
Global
	GlobalSection(SolutionConfigurationPlatforms) = preSolution
		Debug|Any CPU = Debug|Any CPU
		Release|Any CPU = Release|Any CPU
	EndGlobalSection
	GlobalSection(ProjectConfigurationPlatforms) = postSolution
		{3D7E3C1D-CB5E-4BB6-A20A-811FCA3C3D1B}.Debug|Any CPU.ActiveCfg = Debug|Any CPU
		{3D7E3C1D-CB5E-4BB6-A20A-811FCA3C3D1B}.Debug|Any CPU.Build.0 = Debug|Any CPU
		{3D7E3C1D-CB5E-4BB6-A20A-811FCA3C3D1B}.Release|Any CPU.ActiveCfg = Release|Any CPU
		{3D7E3C1D-CB5E-4BB6-A20A-811FCA3C3D1B}.Release|Any CPU.Build.0 = Release|Any CPU
	EndGlobalSection
	GlobalSection(SolutionProperties) = preSolution
		HideSolutionNode = FALSE
	EndGlobalSection
	GlobalSection(ExtensibilityGlobals) = postSolution
		SolutionGuid = {A41D72C3-E3E5-4100-B41B-5DCAF96584F5}
	EndGlobalSection
EndGlobal
